{
  "requires": true,
  "lockfileVersion": 1,
  "dependencies": {
    "@angular/animations": {
      "version": "9.0.6",
      "resolved": "https://registry.npmjs.org/@angular/animations/-/animations-9.0.6.tgz",
      "integrity": "sha512-LNtzUrrjqLTlZyhuAEV0sdEV0yi52Ih/p+ozCr/ivhTSSemcPbniTBbJlFZO4NJ2BuS2iEXkXwZs3mm8Fvx5Sg=="
    },
    "primeng": {
      "version": "9.0.0",
      "resolved": "https://registry.npmjs.org/primeng/-/primeng-9.0.0.tgz",
      "integrity": "sha512-gR9uvEc9/1BXV9tfMt9dggvCAlNZjhrlarbfLPViY6Hqqr588WhOOvU40Gm8rh3sbXkfisuc6Rvhu7ePQXscHA=="
    }
  }
}
